
Microsoft Visual Studio Solution File, Format Version 12.00
# Visual Studio 15
VisualStudioVersion = 15.0.28010.2041
MinimumVisualStudioVersion = 10.0.40219.1
Project("{FAE04EC0-301F-11D3-BF4B-00C04F79EFBC}") = "RecipesApi", "RecipesApi\RecipesApi.csproj", "{3E2EDFBE-B80A-4884-AE0A-031222DB28D4}"
EndProject
Global
	GlobalSection(SolutionConfigurationPlatforms) = preSolution
		Debug|Any CPU = Debug|Any CPU
		Release|Any CPU = Release|Any CPU
	EndGlobalSection
	GlobalSection(ProjectConfigurationPlatforms) = postSolution
		{3E2EDFBE-B80A-4884-AE0A-031222DB28D4}.Debug|Any CPU.ActiveCfg = Debug|Any CPU
		{3E2EDFBE-B80A-4884-AE0A-031222DB28D4}.Debug|Any CPU.Build.0 = Debug|Any CPU
		{3E2EDFBE-B80A-4884-AE0A-031222DB28D4}.Release|Any CPU.ActiveCfg = Release|Any CPU
		{3E2EDFBE-B80A-4884-AE0A-031222DB28D4}.Release|Any CPU.Build.0 = Release|Any CPU
	EndGlobalSection
	GlobalSection(SolutionProperties) = preSolution
		HideSolutionNode = FALSE
	EndGlobalSection
	GlobalSection(ExtensibilityGlobals) = postSolution
		SolutionGuid = {54ADF44A-155F-4A21-82D2-B16DCCB37A0C}
	EndGlobalSection
EndGlobal
